
Microsoft Visual Studio Solution File, Format Version 12.00
# Visual Studio 11
Project("{FAE04EC0-301F-11D3-BF4B-00C04F79EFBC}") = "vbdetlevvb-engine", "vbdetlevvb-engine\vbdetlevvb-engine.csproj", "{BC714749-6AE9-4446-A605-E2B28835DD99}"
EndProject
Project("{FAE04EC0-301F-11D3-BF4B-00C04F79EFBC}") = "Testbed", "Testbed\Testbed.csproj", "{86F1ED4D-1E30-4504-97DE-59D50AE9D73D}"
EndProject
Project("{2150E333-8FDC-42A3-9474-1A3956D46DE8}") = "Solution Items", "Solution Items", "{6057E0A4-6E85-48CE-B3B7-FD6030CC7458}"
	ProjectSection(SolutionItems) = preProject
		Performance1.psess = Performance1.psess
	EndProjectSection
EndProject
Project("{FAE04EC0-301F-11D3-BF4B-00C04F79EFBC}") = "GeometryUtility", "..\..\..\..\Desktop\SRC\GeometryUtility\GeometryUtility.csproj", "{FD47D6AC-8238-4975-91C8-51E88326F27F}"
EndProject
Project("{FAE04EC0-301F-11D3-BF4B-00C04F79EFBC}") = "PolygonCuttingEar", "..\..\..\..\Desktop\SRC\PolygonCuttingEar\PolygonCuttingEar.csproj", "{BAA6D355-C95D-4714-8989-D9891EFC5DB6}"
EndProject
Global
	GlobalSection(SolutionConfigurationPlatforms) = preSolution
		Debug|Any CPU = Debug|Any CPU
		Debug|Mixed Platforms = Debug|Mixed Platforms
		Debug|x86 = Debug|x86
		Release|Any CPU = Release|Any CPU
		Release|Mixed Platforms = Release|Mixed Platforms
		Release|x86 = Release|x86
	EndGlobalSection
	GlobalSection(ProjectConfigurationPlatforms) = postSolution
		{86F1ED4D-1E30-4504-97DE-59D50AE9D73D}.Debug|Any CPU.ActiveCfg = Debug|x86
		{86F1ED4D-1E30-4504-97DE-59D50AE9D73D}.Debug|Mixed Platforms.ActiveCfg = Debug|x86
		{86F1ED4D-1E30-4504-97DE-59D50AE9D73D}.Debug|Mixed Platforms.Build.0 = Debug|x86
		{86F1ED4D-1E30-4504-97DE-59D50AE9D73D}.Debug|x86.ActiveCfg = Debug|x86
		{86F1ED4D-1E30-4504-97DE-59D50AE9D73D}.Debug|x86.Build.0 = Debug|x86
		{86F1ED4D-1E30-4504-97DE-59D50AE9D73D}.Release|Any CPU.ActiveCfg = Release|x86
		{86F1ED4D-1E30-4504-97DE-59D50AE9D73D}.Release|Mixed Platforms.ActiveCfg = Release|x86
		{86F1ED4D-1E30-4504-97DE-59D50AE9D73D}.Release|Mixed Platforms.Build.0 = Release|x86
		{86F1ED4D-1E30-4504-97DE-59D50AE9D73D}.Release|x86.ActiveCfg = Release|x86
		{86F1ED4D-1E30-4504-97DE-59D50AE9D73D}.Release|x86.Build.0 = Release|x86
		{BAA6D355-C95D-4714-8989-D9891EFC5DB6}.Debug|Any CPU.ActiveCfg = Debug|Any CPU
		{BAA6D355-C95D-4714-8989-D9891EFC5DB6}.Debug|Any CPU.Build.0 = Debug|Any CPU
		{BAA6D355-C95D-4714-8989-D9891EFC5DB6}.Debug|Mixed Platforms.ActiveCfg = Debug|Any CPU
		{BAA6D355-C95D-4714-8989-D9891EFC5DB6}.Debug|Mixed Platforms.Build.0 = Debug|Any CPU
		{BAA6D355-C95D-4714-8989-D9891EFC5DB6}.Debug|x86.ActiveCfg = Debug|Any CPU
		{BAA6D355-C95D-4714-8989-D9891EFC5DB6}.Release|Any CPU.ActiveCfg = Release|Any CPU
		{BAA6D355-C95D-4714-8989-D9891EFC5DB6}.Release|Any CPU.Build.0 = Release|Any CPU
		{BAA6D355-C95D-4714-8989-D9891EFC5DB6}.Release|Mixed Platforms.ActiveCfg = Release|Any CPU
		{BAA6D355-C95D-4714-8989-D9891EFC5DB6}.Release|Mixed Platforms.Build.0 = Release|Any CPU
		{BAA6D355-C95D-4714-8989-D9891EFC5DB6}.Release|x86.ActiveCfg = Release|Any CPU
		{BC714749-6AE9-4446-A605-E2B28835DD99}.Debug|Any CPU.ActiveCfg = Debug|Any CPU
		{BC714749-6AE9-4446-A605-E2B28835DD99}.Debug|Any CPU.Build.0 = Debug|Any CPU
		{BC714749-6AE9-4446-A605-E2B28835DD99}.Debug|Mixed Platforms.ActiveCfg = Debug|Any CPU
		{BC714749-6AE9-4446-A605-E2B28835DD99}.Debug|Mixed Platforms.Build.0 = Debug|Any CPU
		{BC714749-6AE9-4446-A605-E2B28835DD99}.Debug|x86.ActiveCfg = Debug|Any CPU
		{BC714749-6AE9-4446-A605-E2B28835DD99}.Release|Any CPU.ActiveCfg = Release|Any CPU
		{BC714749-6AE9-4446-A605-E2B28835DD99}.Release|Any CPU.Build.0 = Release|Any CPU
		{BC714749-6AE9-4446-A605-E2B28835DD99}.Release|Mixed Platforms.ActiveCfg = Release|Any CPU
		{BC714749-6AE9-4446-A605-E2B28835DD99}.Release|Mixed Platforms.Build.0 = Release|Any CPU
		{BC714749-6AE9-4446-A605-E2B28835DD99}.Release|x86.ActiveCfg = Release|Any CPU
		{FD47D6AC-8238-4975-91C8-51E88326F27F}.Debug|Any CPU.ActiveCfg = Debug|Any CPU
		{FD47D6AC-8238-4975-91C8-51E88326F27F}.Debug|Any CPU.Build.0 = Debug|Any CPU
		{FD47D6AC-8238-4975-91C8-51E88326F27F}.Debug|Mixed Platforms.ActiveCfg = Debug|Any CPU
		{FD47D6AC-8238-4975-91C8-51E88326F27F}.Debug|Mixed Platforms.Build.0 = Debug|Any CPU
		{FD47D6AC-8238-4975-91C8-51E88326F27F}.Debug|x86.ActiveCfg = Debug|Any CPU
		{FD47D6AC-8238-4975-91C8-51E88326F27F}.Release|Any CPU.ActiveCfg = Release|Any CPU
		{FD47D6AC-8238-4975-91C8-51E88326F27F}.Release|Any CPU.Build.0 = Release|Any CPU
		{FD47D6AC-8238-4975-91C8-51E88326F27F}.Release|Mixed Platforms.ActiveCfg = Release|Any CPU
		{FD47D6AC-8238-4975-91C8-51E88326F27F}.Release|Mixed Platforms.Build.0 = Release|Any CPU
		{FD47D6AC-8238-4975-91C8-51E88326F27F}.Release|x86.ActiveCfg = Release|Any CPU
	EndGlobalSection
	GlobalSection(SolutionProperties) = preSolution
		HideSolutionNode = FALSE
	EndGlobalSection
EndGlobal
